
Microsoft Visual Studio Solution File, Format Version 12.00
# Visual Studio Version 16
VisualStudioVersion = 16.0.28917.182
MinimumVisualStudioVersion = 10.0.40219.1
Project("{9A19103F-16F7-4668-BE54-9A1E7A4F7556}") = "IfcLinqpadDriver", "IfcLinqpadDriver.csproj", "{2780216F-29CA-4902-8206-18CCB3739555}"
EndProject
Global
	GlobalSection(SolutionConfigurationPlatforms) = preSolution
		Debug|Any CPU = Debug|Any CPU
		Release|Any CPU = Release|Any CPU
	EndGlobalSection
	GlobalSection(ProjectConfigurationPlatforms) = postSolution
		{2780216F-29CA-4902-8206-18CCB3739555}.Debug|Any CPU.ActiveCfg = Debug|Any CPU
		{2780216F-29CA-4902-8206-18CCB3739555}.Debug|Any CPU.Build.0 = Debug|Any CPU
		{2780216F-29CA-4902-8206-18CCB3739555}.Release|Any CPU.ActiveCfg = Release|Any CPU
		{2780216F-29CA-4902-8206-18CCB3739555}.Release|Any CPU.Build.0 = Release|Any CPU
	EndGlobalSection
	GlobalSection(SolutionProperties) = preSolution
		HideSolutionNode = FALSE
	EndGlobalSection
	GlobalSection(ExtensibilityGlobals) = postSolution
		SolutionGuid = {40E07A06-20A1-4FD4-8629-AC85B55646A6}
	EndGlobalSection
EndGlobal
